
Microsoft Visual Studio Solution File, Format Version 12.00
# Visual Studio Version 17
VisualStudioVersion = 17.11.35303.130
MinimumVisualStudioVersion = 10.0.40219.1
Project("{9A19103F-16F7-4668-BE54-9A1E7A4F7556}") = "Version2", "Version2\Version2.csproj", "{97C7D0F5-F057-479D-8ABE-334F595D22D4}"
EndProject
Project("{9A19103F-16F7-4668-BE54-9A1E7A4F7556}") = "Version1", "Version1\Version1.csproj", "{7976873D-28A2-4D1B-BC64-CBABFE8B9093}"
EndProject
Global
	GlobalSection(SolutionConfigurationPlatforms) = preSolution
		Debug|Any CPU = Debug|Any CPU
		Release|Any CPU = Release|Any CPU
	EndGlobalSection
	GlobalSection(ProjectConfigurationPlatforms) = postSolution
		{97C7D0F5-F057-479D-8ABE-334F595D22D4}.Debug|Any CPU.ActiveCfg = Debug|Any CPU
		{97C7D0F5-F057-479D-8ABE-334F595D22D4}.Debug|Any CPU.Build.0 = Debug|Any CPU
		{97C7D0F5-F057-479D-8ABE-334F595D22D4}.Release|Any CPU.ActiveCfg = Release|Any CPU
		{97C7D0F5-F057-479D-8ABE-334F595D22D4}.Release|Any CPU.Build.0 = Release|Any CPU
		{7976873D-28A2-4D1B-BC64-CBABFE8B9093}.Debug|Any CPU.ActiveCfg = Debug|Any CPU
		{7976873D-28A2-4D1B-BC64-CBABFE8B9093}.Debug|Any CPU.Build.0 = Debug|Any CPU
		{7976873D-28A2-4D1B-BC64-CBABFE8B9093}.Release|Any CPU.ActiveCfg = Release|Any CPU
		{7976873D-28A2-4D1B-BC64-CBABFE8B9093}.Release|Any CPU.Build.0 = Release|Any CPU
	EndGlobalSection
	GlobalSection(SolutionProperties) = preSolution
		HideSolutionNode = FALSE
	EndGlobalSection
	GlobalSection(ExtensibilityGlobals) = postSolution
		SolutionGuid = {A52BED7A-18AE-4005-B96A-BE16ADFF4FB0}
	EndGlobalSection
EndGlobal
