
Microsoft Visual Studio Solution File, Format Version 12.00
# Visual Studio Version 17
VisualStudioVersion = 17.11.35303.130
MinimumVisualStudioVersion = 10.0.40219.1
Project("{FAE04EC0-301F-11D3-BF4B-00C04F79EFBC}") = "Version1", "Employee\Version1.csproj", "{8227284B-CC38-44D8-B8F6-FDA59FF1E58E}"
EndProject
Project("{FAE04EC0-301F-11D3-BF4B-00C04F79EFBC}") = "Version2", "Version2\Version2.csproj", "{97C7D0F5-F057-479D-8ABE-334F595D22D4}"
EndProject
Global
	GlobalSection(SolutionConfigurationPlatforms) = preSolution
		Debug|Any CPU = Debug|Any CPU
		Release|Any CPU = Release|Any CPU
	EndGlobalSection
	GlobalSection(ProjectConfigurationPlatforms) = postSolution
		{8227284B-CC38-44D8-B8F6-FDA59FF1E58E}.Debug|Any CPU.ActiveCfg = Debug|Any CPU
		{8227284B-CC38-44D8-B8F6-FDA59FF1E58E}.Debug|Any CPU.Build.0 = Debug|Any CPU
		{8227284B-CC38-44D8-B8F6-FDA59FF1E58E}.Release|Any CPU.ActiveCfg = Release|Any CPU
		{8227284B-CC38-44D8-B8F6-FDA59FF1E58E}.Release|Any CPU.Build.0 = Release|Any CPU
		{97C7D0F5-F057-479D-8ABE-334F595D22D4}.Debug|Any CPU.ActiveCfg = Debug|Any CPU
		{97C7D0F5-F057-479D-8ABE-334F595D22D4}.Debug|Any CPU.Build.0 = Debug|Any CPU
		{97C7D0F5-F057-479D-8ABE-334F595D22D4}.Release|Any CPU.ActiveCfg = Release|Any CPU
		{97C7D0F5-F057-479D-8ABE-334F595D22D4}.Release|Any CPU.Build.0 = Release|Any CPU
	EndGlobalSection
	GlobalSection(SolutionProperties) = preSolution
		HideSolutionNode = FALSE
	EndGlobalSection
	GlobalSection(ExtensibilityGlobals) = postSolution
		SolutionGuid = {A52BED7A-18AE-4005-B96A-BE16ADFF4FB0}
	EndGlobalSection
EndGlobal
